{
  "version": 1,
  "dependencies": {
    "net8.0": {
      "kerckhoffslabs.runtime.interopservices": {
        "type": "Project"
      },
      "kerckhoffslabs.security.cryptography.pkcs11": {
        "type": "Project",
        "dependencies": {
          "KerckhoffsLabs.Runtime.InteropServices": "[1.0.0, )"
        }
      }
    },
    "net9.0": {
      "kerckhoffslabs.runtime.interopservices": {
        "type": "Project"
      },
      "kerckhoffslabs.security.cryptography.pkcs11": {
        "type": "Project",
        "dependencies": {
          "KerckhoffsLabs.Runtime.InteropServices": "[1.0.0, )"
        }
      }
    }
  }
}