
Microsoft Visual Studio Solution File, Format Version 12.00
# Visual Studio Version 17
VisualStudioVersion = 17.5.2.0
MinimumVisualStudioVersion = 10.0.40219.1
Project("{FAE04EC0-301F-11D3-BF4B-00C04F79EFBC}") = "KerckhoffsLabs.Security.Cryptography.Pkcs11", "KerckhoffsLabs.Security.Cryptography.Pkcs11\KerckhoffsLabs.Security.Cryptography.Pkcs11.csproj", "{08043EBE-C091-3C47-DDAE-0562E6A5EB50}"
EndProject
Project("{FAE04EC0-301F-11D3-BF4B-00C04F79EFBC}") = "KerckhoffsLabs.Security.Cryptography.Pkcs11.Tests", "KerckhoffsLabs.Security.Cryptography.Pkcs11.Tests\KerckhoffsLabs.Security.Cryptography.Pkcs11.Tests.csproj", "{1BF65904-C5E3-473C-8D0E-60086E5499D8}"
EndProject
Project("{FAE04EC0-301F-11D3-BF4B-00C04F79EFBC}") = "KerckhoffsLabs.Security.Cryptography.Pkcs11.Generators", "KerckhoffsLabs.Security.Cryptography.Pkcs11.Generators\KerckhoffsLabs.Security.Cryptography.Pkcs11.Generators.csproj", "{DBD8E7D0-E284-41AD-9C7C-1296D012967E}"
EndProject
Global
	GlobalSection(SolutionConfigurationPlatforms) = preSolution
		Debug|Any CPU = Debug|Any CPU
		Debug|x64 = Debug|x64
		Debug|x86 = Debug|x86
		Release|Any CPU = Release|Any CPU
		Release|x64 = Release|x64
		Release|x86 = Release|x86
	EndGlobalSection
	GlobalSection(ProjectConfigurationPlatforms) = postSolution
		{08043EBE-C091-3C47-DDAE-0562E6A5EB50}.Debug|Any CPU.ActiveCfg = Debug|Any CPU
		{08043EBE-C091-3C47-DDAE-0562E6A5EB50}.Debug|Any CPU.Build.0 = Debug|Any CPU
		{08043EBE-C091-3C47-DDAE-0562E6A5EB50}.Debug|x64.ActiveCfg = Debug|Any CPU
		{08043EBE-C091-3C47-DDAE-0562E6A5EB50}.Debug|x64.Build.0 = Debug|Any CPU
		{08043EBE-C091-3C47-DDAE-0562E6A5EB50}.Debug|x86.ActiveCfg = Debug|Any CPU
		{08043EBE-C091-3C47-DDAE-0562E6A5EB50}.Debug|x86.Build.0 = Debug|Any CPU
		{08043EBE-C091-3C47-DDAE-0562E6A5EB50}.Release|Any CPU.ActiveCfg = Release|Any CPU
		{08043EBE-C091-3C47-DDAE-0562E6A5EB50}.Release|Any CPU.Build.0 = Release|Any CPU
		{08043EBE-C091-3C47-DDAE-0562E6A5EB50}.Release|x64.ActiveCfg = Release|Any CPU
		{08043EBE-C091-3C47-DDAE-0562E6A5EB50}.Release|x64.Build.0 = Release|Any CPU
		{08043EBE-C091-3C47-DDAE-0562E6A5EB50}.Release|x86.ActiveCfg = Release|Any CPU
		{08043EBE-C091-3C47-DDAE-0562E6A5EB50}.Release|x86.Build.0 = Release|Any CPU
		{1BF65904-C5E3-473C-8D0E-60086E5499D8}.Debug|Any CPU.ActiveCfg = Debug|Any CPU
		{1BF65904-C5E3-473C-8D0E-60086E5499D8}.Debug|Any CPU.Build.0 = Debug|Any CPU
		{1BF65904-C5E3-473C-8D0E-60086E5499D8}.Debug|x64.ActiveCfg = Debug|Any CPU
		{1BF65904-C5E3-473C-8D0E-60086E5499D8}.Debug|x64.Build.0 = Debug|Any CPU
		{1BF65904-C5E3-473C-8D0E-60086E5499D8}.Debug|x86.ActiveCfg = Debug|Any CPU
		{1BF65904-C5E3-473C-8D0E-60086E5499D8}.Debug|x86.Build.0 = Debug|Any CPU
		{1BF65904-C5E3-473C-8D0E-60086E5499D8}.Release|Any CPU.ActiveCfg = Release|Any CPU
		{1BF65904-C5E3-473C-8D0E-60086E5499D8}.Release|Any CPU.Build.0 = Release|Any CPU
		{1BF65904-C5E3-473C-8D0E-60086E5499D8}.Release|x64.ActiveCfg = Release|Any CPU
		{1BF65904-C5E3-473C-8D0E-60086E5499D8}.Release|x64.Build.0 = Release|Any CPU
		{1BF65904-C5E3-473C-8D0E-60086E5499D8}.Release|x86.ActiveCfg = Release|Any CPU
		{1BF65904-C5E3-473C-8D0E-60086E5499D8}.Release|x86.Build.0 = Release|Any CPU
		{DBD8E7D0-E284-41AD-9C7C-1296D012967E}.Debug|Any CPU.ActiveCfg = Debug|Any CPU
		{DBD8E7D0-E284-41AD-9C7C-1296D012967E}.Debug|Any CPU.Build.0 = Debug|Any CPU
		{DBD8E7D0-E284-41AD-9C7C-1296D012967E}.Debug|x64.ActiveCfg = Debug|Any CPU
		{DBD8E7D0-E284-41AD-9C7C-1296D012967E}.Debug|x64.Build.0 = Debug|Any CPU
		{DBD8E7D0-E284-41AD-9C7C-1296D012967E}.Debug|x86.ActiveCfg = Debug|Any CPU
		{DBD8E7D0-E284-41AD-9C7C-1296D012967E}.Debug|x86.Build.0 = Debug|Any CPU
		{DBD8E7D0-E284-41AD-9C7C-1296D012967E}.Release|Any CPU.ActiveCfg = Release|Any CPU
		{DBD8E7D0-E284-41AD-9C7C-1296D012967E}.Release|Any CPU.Build.0 = Release|Any CPU
		{DBD8E7D0-E284-41AD-9C7C-1296D012967E}.Release|x64.ActiveCfg = Release|Any CPU
		{DBD8E7D0-E284-41AD-9C7C-1296D012967E}.Release|x64.Build.0 = Release|Any CPU
		{DBD8E7D0-E284-41AD-9C7C-1296D012967E}.Release|x86.ActiveCfg = Release|Any CPU
		{DBD8E7D0-E284-41AD-9C7C-1296D012967E}.Release|x86.Build.0 = Release|Any CPU
	EndGlobalSection
	GlobalSection(SolutionProperties) = preSolution
		HideSolutionNode = FALSE
	EndGlobalSection
	GlobalSection(ExtensibilityGlobals) = postSolution
		SolutionGuid = {36EC92E6-9777-46E1-8051-929BFF4BE206}
	EndGlobalSection
EndGlobal
